
Microsoft Visual Studio Solution File, Format Version 12.00
# Visual Studio 15
VisualStudioVersion = 15.0.27130.2010
MinimumVisualStudioVersion = 10.0.40219.1
Project("{FAE04EC0-301F-11D3-BF4B-00C04F79EFBC}") = "WebAPIDate-Test", "WebAPIDate-Test\WebAPIDate-Test.csproj", "{D5B4968B-D080-4DB1-A183-2F7B4D679CCE}"
EndProject
Project("{FAE04EC0-301F-11D3-BF4B-00C04F79EFBC}") = "ConsoleDate-Test", "ConsoleDate-Test\ConsoleDate-Test.csproj", "{34F3266E-6555-4468-8D44-9F7BF4665ECA}"
EndProject
Global
	GlobalSection(SolutionConfigurationPlatforms) = preSolution
		Debug|Any CPU = Debug|Any CPU
		Release|Any CPU = Release|Any CPU
	EndGlobalSection
	GlobalSection(ProjectConfigurationPlatforms) = postSolution
		{D5B4968B-D080-4DB1-A183-2F7B4D679CCE}.Debug|Any CPU.ActiveCfg = Debug|Any CPU
		{D5B4968B-D080-4DB1-A183-2F7B4D679CCE}.Debug|Any CPU.Build.0 = Debug|Any CPU
		{D5B4968B-D080-4DB1-A183-2F7B4D679CCE}.Release|Any CPU.ActiveCfg = Release|Any CPU
		{D5B4968B-D080-4DB1-A183-2F7B4D679CCE}.Release|Any CPU.Build.0 = Release|Any CPU
		{34F3266E-6555-4468-8D44-9F7BF4665ECA}.Debug|Any CPU.ActiveCfg = Debug|Any CPU
		{34F3266E-6555-4468-8D44-9F7BF4665ECA}.Debug|Any CPU.Build.0 = Debug|Any CPU
		{34F3266E-6555-4468-8D44-9F7BF4665ECA}.Release|Any CPU.ActiveCfg = Release|Any CPU
		{34F3266E-6555-4468-8D44-9F7BF4665ECA}.Release|Any CPU.Build.0 = Release|Any CPU
	EndGlobalSection
	GlobalSection(SolutionProperties) = preSolution
		HideSolutionNode = FALSE
	EndGlobalSection
	GlobalSection(ExtensibilityGlobals) = postSolution
		SolutionGuid = {17C482C5-2956-47E5-BACD-E8457F755AFA}
	EndGlobalSection
EndGlobal
